
Microsoft Visual Studio Solution File, Format Version 12.00
# Visual Studio 15
VisualStudioVersion = 15.0.27130.2027
MinimumVisualStudioVersion = 10.0.40219.1
Project("{FAE04EC0-301F-11D3-BF4B-00C04F79EFBC}") = "AppContacts.Android", "AppContacts\AppContacts.Android\AppContacts.Android.csproj", "{9C5498AC-AD31-4FAA-B2A0-FC9F398BCD9B}"
EndProject
Project("{FAE04EC0-301F-11D3-BF4B-00C04F79EFBC}") = "AppContacts.iOS", "AppContacts\AppContacts.iOS\AppContacts.iOS.csproj", "{04073603-2C3E-4CDF-BE54-E6A3EEDD6251}"
EndProject
Project("{FAE04EC0-301F-11D3-BF4B-00C04F79EFBC}") = "AppContacts", "AppContacts\AppContacts\AppContacts.csproj", "{D95456F5-6B66-421D-AEC3-01A4804D3B52}"
EndProject
Global
	GlobalSection(SolutionConfigurationPlatforms) = preSolution
		Ad-Hoc|Any CPU = Ad-Hoc|Any CPU
		Ad-Hoc|iPhone = Ad-Hoc|iPhone
		Ad-Hoc|iPhoneSimulator = Ad-Hoc|iPhoneSimulator
		AppStore|Any CPU = AppStore|Any CPU
		AppStore|iPhone = AppStore|iPhone
		AppStore|iPhoneSimulator = AppStore|iPhoneSimulator
		Debug|Any CPU = Debug|Any CPU
		Debug|iPhone = Debug|iPhone
		Debug|iPhoneSimulator = Debug|iPhoneSimulator
		Release|Any CPU = Release|Any CPU
		Release|iPhone = Release|iPhone
		Release|iPhoneSimulator = Release|iPhoneSimulator
	EndGlobalSection
	GlobalSection(ProjectConfigurationPlatforms) = postSolution
		{9C5498AC-AD31-4FAA-B2A0-FC9F398BCD9B}.Ad-Hoc|Any CPU.ActiveCfg = Release|Any CPU
		{9C5498AC-AD31-4FAA-B2A0-FC9F398BCD9B}.Ad-Hoc|Any CPU.Build.0 = Release|Any CPU
		{9C5498AC-AD31-4FAA-B2A0-FC9F398BCD9B}.Ad-Hoc|Any CPU.Deploy.0 = Release|Any CPU
		{9C5498AC-AD31-4FAA-B2A0-FC9F398BCD9B}.Ad-Hoc|iPhone.ActiveCfg = Release|Any CPU
		{9C5498AC-AD31-4FAA-B2A0-FC9F398BCD9B}.Ad-Hoc|iPhone.Build.0 = Release|Any CPU
		{9C5498AC-AD31-4FAA-B2A0-FC9F398BCD9B}.Ad-Hoc|iPhone.Deploy.0 = Release|Any CPU
		{9C5498AC-AD31-4FAA-B2A0-FC9F398BCD9B}.Ad-Hoc|iPhoneSimulator.ActiveCfg = Release|Any CPU
		{9C5498AC-AD31-4FAA-B2A0-FC9F398BCD9B}.Ad-Hoc|iPhoneSimulator.Build.0 = Release|Any CPU
		{9C5498AC-AD31-4FAA-B2A0-FC9F398BCD9B}.Ad-Hoc|iPhoneSimulator.Deploy.0 = Release|Any CPU
		{9C5498AC-AD31-4FAA-B2A0-FC9F398BCD9B}.AppStore|Any CPU.ActiveCfg = Release|Any CPU
		{9C5498AC-AD31-4FAA-B2A0-FC9F398BCD9B}.AppStore|Any CPU.Build.0 = Release|Any CPU
		{9C5498AC-AD31-4FAA-B2A0-FC9F398BCD9B}.AppStore|Any CPU.Deploy.0 = Release|Any CPU
		{9C5498AC-AD31-4FAA-B2A0-FC9F398BCD9B}.AppStore|iPhone.ActiveCfg = Release|Any CPU
		{9C5498AC-AD31-4FAA-B2A0-FC9F398BCD9B}.AppStore|iPhone.Build.0 = Release|Any CPU
		{9C5498AC-AD31-4FAA-B2A0-FC9F398BCD9B}.AppStore|iPhone.Deploy.0 = Release|Any CPU
		{9C5498AC-AD31-4FAA-B2A0-FC9F398BCD9B}.AppStore|iPhoneSimulator.ActiveCfg = Release|Any CPU
		{9C5498AC-AD31-4FAA-B2A0-FC9F398BCD9B}.AppStore|iPhoneSimulator.Build.0 = Release|Any CPU
		{9C5498AC-AD31-4FAA-B2A0-FC9F398BCD9B}.AppStore|iPhoneSimulator.Deploy.0 = Release|Any CPU
		{9C5498AC-AD31-4FAA-B2A0-FC9F398BCD9B}.Debug|Any CPU.ActiveCfg = Debug|Any CPU
		{9C5498AC-AD31-4FAA-B2A0-FC9F398BCD9B}.Debug|Any CPU.Build.0 = Debug|Any CPU
		{9C5498AC-AD31-4FAA-B2A0-FC9F398BCD9B}.Debug|Any CPU.Deploy.0 = Debug|Any CPU
		{9C5498AC-AD31-4FAA-B2A0-FC9F398BCD9B}.Debug|iPhone.ActiveCfg = Debug|Any CPU
		{9C5498AC-AD31-4FAA-B2A0-FC9F398BCD9B}.Debug|iPhone.Build.0 = Debug|Any CPU
		{9C5498AC-AD31-4FAA-B2A0-FC9F398BCD9B}.Debug|iPhone.Deploy.0 = Debug|Any CPU
		{9C5498AC-AD31-4FAA-B2A0-FC9F398BCD9B}.Debug|iPhoneSimulator.ActiveCfg = Debug|Any CPU
		{9C5498AC-AD31-4FAA-B2A0-FC9F398BCD9B}.Debug|iPhoneSimulator.Build.0 = Debug|Any CPU
		{9C5498AC-AD31-4FAA-B2A0-FC9F398BCD9B}.Debug|iPhoneSimulator.Deploy.0 = Debug|Any CPU
		{9C5498AC-AD31-4FAA-B2A0-FC9F398BCD9B}.Release|Any CPU.ActiveCfg = Release|Any CPU
		{9C5498AC-AD31-4FAA-B2A0-FC9F398BCD9B}.Release|Any CPU.Build.0 = Release|Any CPU
		{9C5498AC-AD31-4FAA-B2A0-FC9F398BCD9B}.Release|Any CPU.Deploy.0 = Release|Any CPU
		{9C5498AC-AD31-4FAA-B2A0-FC9F398BCD9B}.Release|iPhone.ActiveCfg = Release|Any CPU
		{9C5498AC-AD31-4FAA-B2A0-FC9F398BCD9B}.Release|iPhone.Build.0 = Release|Any CPU
		{9C5498AC-AD31-4FAA-B2A0-FC9F398BCD9B}.Release|iPhone.Deploy.0 = Release|Any CPU
		{9C5498AC-AD31-4FAA-B2A0-FC9F398BCD9B}.Release|iPhoneSimulator.ActiveCfg = Release|Any CPU
		{9C5498AC-AD31-4FAA-B2A0-FC9F398BCD9B}.Release|iPhoneSimulator.Build.0 = Release|Any CPU
		{9C5498AC-AD31-4FAA-B2A0-FC9F398BCD9B}.Release|iPhoneSimulator.Deploy.0 = Release|Any CPU
		{04073603-2C3E-4CDF-BE54-E6A3EEDD6251}.Ad-Hoc|Any CPU.ActiveCfg = Ad-Hoc|iPhone
		{04073603-2C3E-4CDF-BE54-E6A3EEDD6251}.Ad-Hoc|iPhone.ActiveCfg = Ad-Hoc|iPhone
		{04073603-2C3E-4CDF-BE54-E6A3EEDD6251}.Ad-Hoc|iPhone.Build.0 = Ad-Hoc|iPhone
		{04073603-2C3E-4CDF-BE54-E6A3EEDD6251}.Ad-Hoc|iPhoneSimulator.ActiveCfg = Ad-Hoc|iPhoneSimulator
		{04073603-2C3E-4CDF-BE54-E6A3EEDD6251}.Ad-Hoc|iPhoneSimulator.Build.0 = Ad-Hoc|iPhoneSimulator
		{04073603-2C3E-4CDF-BE54-E6A3EEDD6251}.AppStore|Any CPU.ActiveCfg = AppStore|iPhone
		{04073603-2C3E-4CDF-BE54-E6A3EEDD6251}.AppStore|iPhone.ActiveCfg = AppStore|iPhone
		{04073603-2C3E-4CDF-BE54-E6A3EEDD6251}.AppStore|iPhone.Build.0 = AppStore|iPhone
		{04073603-2C3E-4CDF-BE54-E6A3EEDD6251}.AppStore|iPhoneSimulator.ActiveCfg = AppStore|iPhoneSimulator
		{04073603-2C3E-4CDF-BE54-E6A3EEDD6251}.AppStore|iPhoneSimulator.Build.0 = AppStore|iPhoneSimulator
		{04073603-2C3E-4CDF-BE54-E6A3EEDD6251}.Debug|Any CPU.ActiveCfg = Debug|iPhone
		{04073603-2C3E-4CDF-BE54-E6A3EEDD6251}.Debug|iPhone.ActiveCfg = Debug|iPhone
		{04073603-2C3E-4CDF-BE54-E6A3EEDD6251}.Debug|iPhone.Build.0 = Debug|iPhone
		{04073603-2C3E-4CDF-BE54-E6A3EEDD6251}.Debug|iPhoneSimulator.ActiveCfg = Debug|iPhoneSimulator
		{04073603-2C3E-4CDF-BE54-E6A3EEDD6251}.Debug|iPhoneSimulator.Build.0 = Debug|iPhoneSimulator
		{04073603-2C3E-4CDF-BE54-E6A3EEDD6251}.Release|Any CPU.ActiveCfg = Release|iPhone
		{04073603-2C3E-4CDF-BE54-E6A3EEDD6251}.Release|iPhone.ActiveCfg = Release|iPhone
		{04073603-2C3E-4CDF-BE54-E6A3EEDD6251}.Release|iPhone.Build.0 = Release|iPhone
		{04073603-2C3E-4CDF-BE54-E6A3EEDD6251}.Release|iPhoneSimulator.ActiveCfg = Release|iPhoneSimulator
		{04073603-2C3E-4CDF-BE54-E6A3EEDD6251}.Release|iPhoneSimulator.Build.0 = Release|iPhoneSimulator
		{D95456F5-6B66-421D-AEC3-01A4804D3B52}.Ad-Hoc|Any CPU.ActiveCfg = Debug|Any CPU
		{D95456F5-6B66-421D-AEC3-01A4804D3B52}.Ad-Hoc|Any CPU.Build.0 = Debug|Any CPU
		{D95456F5-6B66-421D-AEC3-01A4804D3B52}.Ad-Hoc|iPhone.ActiveCfg = Debug|Any CPU
		{D95456F5-6B66-421D-AEC3-01A4804D3B52}.Ad-Hoc|iPhone.Build.0 = Debug|Any CPU
		{D95456F5-6B66-421D-AEC3-01A4804D3B52}.Ad-Hoc|iPhoneSimulator.ActiveCfg = Debug|Any CPU
		{D95456F5-6B66-421D-AEC3-01A4804D3B52}.Ad-Hoc|iPhoneSimulator.Build.0 = Debug|Any CPU
		{D95456F5-6B66-421D-AEC3-01A4804D3B52}.AppStore|Any CPU.ActiveCfg = Debug|Any CPU
		{D95456F5-6B66-421D-AEC3-01A4804D3B52}.AppStore|Any CPU.Build.0 = Debug|Any CPU
		{D95456F5-6B66-421D-AEC3-01A4804D3B52}.AppStore|iPhone.ActiveCfg = Debug|Any CPU
		{D95456F5-6B66-421D-AEC3-01A4804D3B52}.AppStore|iPhone.Build.0 = Debug|Any CPU
		{D95456F5-6B66-421D-AEC3-01A4804D3B52}.AppStore|iPhoneSimulator.ActiveCfg = Debug|Any CPU
		{D95456F5-6B66-421D-AEC3-01A4804D3B52}.AppStore|iPhoneSimulator.Build.0 = Debug|Any CPU
		{D95456F5-6B66-421D-AEC3-01A4804D3B52}.Debug|Any CPU.ActiveCfg = Debug|Any CPU
		{D95456F5-6B66-421D-AEC3-01A4804D3B52}.Debug|Any CPU.Build.0 = Debug|Any CPU
		{D95456F5-6B66-421D-AEC3-01A4804D3B52}.Debug|iPhone.ActiveCfg = Debug|Any CPU
		{D95456F5-6B66-421D-AEC3-01A4804D3B52}.Debug|iPhone.Build.0 = Debug|Any CPU
		{D95456F5-6B66-421D-AEC3-01A4804D3B52}.Debug|iPhoneSimulator.ActiveCfg = Debug|Any CPU
		{D95456F5-6B66-421D-AEC3-01A4804D3B52}.Debug|iPhoneSimulator.Build.0 = Debug|Any CPU
		{D95456F5-6B66-421D-AEC3-01A4804D3B52}.Release|Any CPU.ActiveCfg = Release|Any CPU
		{D95456F5-6B66-421D-AEC3-01A4804D3B52}.Release|Any CPU.Build.0 = Release|Any CPU
		{D95456F5-6B66-421D-AEC3-01A4804D3B52}.Release|iPhone.ActiveCfg = Release|Any CPU
		{D95456F5-6B66-421D-AEC3-01A4804D3B52}.Release|iPhone.Build.0 = Release|Any CPU
		{D95456F5-6B66-421D-AEC3-01A4804D3B52}.Release|iPhoneSimulator.ActiveCfg = Release|Any CPU
		{D95456F5-6B66-421D-AEC3-01A4804D3B52}.Release|iPhoneSimulator.Build.0 = Release|Any CPU
	EndGlobalSection
	GlobalSection(SolutionProperties) = preSolution
		HideSolutionNode = FALSE
	EndGlobalSection
	GlobalSection(ExtensibilityGlobals) = postSolution
		SolutionGuid = {6248CF45-4839-4837-8B37-B6771E9DDB86}
	EndGlobalSection
EndGlobal
